
Microsoft Visual Studio Solution File, Format Version 12.00
# Visual Studio Version 17
VisualStudioVersion = 17.14.36119.2
MinimumVisualStudioVersion = 10.0.40219.1
Project("{FAE04EC0-301F-11D3-BF4B-00C04F79EFBC}") = "AccountManagementSystem", "AccountManagementSystem\AccountManagementSystem.csproj", "{B51238A1-10E4-44AA-81A5-37B661B2420B}"
EndProject
Global
	GlobalSection(SolutionConfigurationPlatforms) = preSolution
		Debug|Any CPU = Debug|Any CPU
		Release|Any CPU = Release|Any CPU
	EndGlobalSection
	GlobalSection(ProjectConfigurationPlatforms) = postSolution
		{B51238A1-10E4-44AA-81A5-37B661B2420B}.Debug|Any CPU.ActiveCfg = Debug|Any CPU
		{B51238A1-10E4-44AA-81A5-37B661B2420B}.Debug|Any CPU.Build.0 = Debug|Any CPU
		{B51238A1-10E4-44AA-81A5-37B661B2420B}.Release|Any CPU.ActiveCfg = Release|Any CPU
		{B51238A1-10E4-44AA-81A5-37B661B2420B}.Release|Any CPU.Build.0 = Release|Any CPU
	EndGlobalSection
	GlobalSection(SolutionProperties) = preSolution
		HideSolutionNode = FALSE
	EndGlobalSection
	GlobalSection(ExtensibilityGlobals) = postSolution
		SolutionGuid = {DD642794-C2EE-4B16-AAB7-35888BAF0210}
	EndGlobalSection
EndGlobal
